
Microsoft Visual Studio Solution File, Format Version 12.00
# Visual Studio Version 17
VisualStudioVersion = 17.5.33516.290
MinimumVisualStudioVersion = 10.0.40219.1
Project("{FAE04EC0-301F-11D3-BF4B-00C04F79EFBC}") = "NabiddinovAbror", "NabiddinovAbror\NabiddinovAbror.csproj", "{F30E3170-52DB-4E3B-9D43-ACA7F0E88FB0}"
EndProject
Global
	GlobalSection(SolutionConfigurationPlatforms) = preSolution
		Debug|Any CPU = Debug|Any CPU
		Release|Any CPU = Release|Any CPU
	EndGlobalSection
	GlobalSection(ProjectConfigurationPlatforms) = postSolution
		{F30E3170-52DB-4E3B-9D43-ACA7F0E88FB0}.Debug|Any CPU.ActiveCfg = Debug|Any CPU
		{F30E3170-52DB-4E3B-9D43-ACA7F0E88FB0}.Debug|Any CPU.Build.0 = Debug|Any CPU
		{F30E3170-52DB-4E3B-9D43-ACA7F0E88FB0}.Release|Any CPU.ActiveCfg = Release|Any CPU
		{F30E3170-52DB-4E3B-9D43-ACA7F0E88FB0}.Release|Any CPU.Build.0 = Release|Any CPU
	EndGlobalSection
	GlobalSection(SolutionProperties) = preSolution
		HideSolutionNode = FALSE
	EndGlobalSection
	GlobalSection(ExtensibilityGlobals) = postSolution
		SolutionGuid = {A1F9264C-B8A9-4D8B-A9F3-13A2B8029668}
	EndGlobalSection
EndGlobal
