
Microsoft Visual Studio Solution File, Format Version 12.00
# Visual Studio Version 17
VisualStudioVersion = 17.6.33723.286
MinimumVisualStudioVersion = 10.0.40219.1
Project("{FAE04EC0-301F-11D3-BF4B-00C04F79EFBC}") = "Homework05", "Homework05\Homework05.csproj", "{748E8B5C-5FD0-4723-92C4-B801ABD8AFD7}"
EndProject
Global
	GlobalSection(SolutionConfigurationPlatforms) = preSolution
		Debug|Any CPU = Debug|Any CPU
		Release|Any CPU = Release|Any CPU
	EndGlobalSection
	GlobalSection(ProjectConfigurationPlatforms) = postSolution
		{748E8B5C-5FD0-4723-92C4-B801ABD8AFD7}.Debug|Any CPU.ActiveCfg = Debug|Any CPU
		{748E8B5C-5FD0-4723-92C4-B801ABD8AFD7}.Debug|Any CPU.Build.0 = Debug|Any CPU
		{748E8B5C-5FD0-4723-92C4-B801ABD8AFD7}.Release|Any CPU.ActiveCfg = Release|Any CPU
		{748E8B5C-5FD0-4723-92C4-B801ABD8AFD7}.Release|Any CPU.Build.0 = Release|Any CPU
	EndGlobalSection
	GlobalSection(SolutionProperties) = preSolution
		HideSolutionNode = FALSE
	EndGlobalSection
	GlobalSection(ExtensibilityGlobals) = postSolution
		SolutionGuid = {591E48B4-2023-48A9-BB19-F838F5776545}
	EndGlobalSection
EndGlobal
